// !$*UTF8*$!
{
	archiveVersion = 1;
	classes = {
	};
	objectVersion = 48;
	objects = {

/* Begin PBXBuildFile section */
		25A8DDC12DE7D9EDAF9D0203 /* Pods_ToDoList.framework in Frameworks */ = {isa = PBXBuildFile; fileRef = 9499D0718A542462D3542B85 /* Pods_ToDoList.framework */; };
		9A37E05F1FF496CF0079287F /* AppDelegate.swift in Sources */ = {isa = PBXBuildFile; fileRef = 9A37E05E1FF496CF0079287F /* AppDelegate.swift */; };
		9A37E0611FF496CF0079287F /* TodoListViewController.swift in Sources */ = {isa = PBXBuildFile; fileRef = 9A37E0601FF496CF0079287F /* TodoListViewController.swift */; };
		9A37E0641FF496CF0079287F /* Main.storyboard in Resources */ = {isa = PBXBuildFile; fileRef = 9A37E0621FF496CF0079287F /* Main.storyboard */; };
		9A37E0661FF496CF0079287F /* Assets.xcassets in Resources */ = {isa = PBXBuildFile; fileRef = 9A37E0651FF496CF0079287F /* Assets.xcassets */; };
		9A37E0691FF496CF0079287F /* LaunchScreen.storyboard in Resources */ = {isa = PBXBuildFile; fileRef = 9A37E0671FF496CF0079287F /* LaunchScreen.storyboard */; };
		9A37E07A1FF886DA0079287F /* DataModel.xcdatamodeld in Sources */ = {isa = PBXBuildFile; fileRef = 9A37E0781FF886DA0079287F /* DataModel.xcdatamodeld */; };
		9A37E09D1FFB3B3E0079287F /* CategoryViewController.swift in Sources */ = {isa = PBXBuildFile; fileRef = 9A37E09C1FFB3B3E0079287F /* CategoryViewController.swift */; };
/* End PBXBuildFile section */

/* Begin PBXFileReference section */
		001C4E51BFF8A42B8517038C /* Pods-ToDoList.release.xcconfig */ = {isa = PBXFileReference; includeInIndex = 1; lastKnownFileType = text.xcconfig; name = "Pods-ToDoList.release.xcconfig"; path = "Pods/Target Support Files/Pods-ToDoList/Pods-ToDoList.release.xcconfig"; sourceTree = "<group>"; };
		30BA6C2CFCEC319C765F8D2A /* Pods-ToDoList.debug.xcconfig */ = {isa = PBXFileReference; includeInIndex = 1; lastKnownFileType = text.xcconfig; name = "Pods-ToDoList.debug.xcconfig"; path = "Pods/Target Support Files/Pods-ToDoList/Pods-ToDoList.debug.xcconfig"; sourceTree = "<group>"; };
		9499D0718A542462D3542B85 /* Pods_ToDoList.framework */ = {isa = PBXFileReference; explicitFileType = wrapper.framework; includeInIndex = 0; path = Pods_ToDoList.framework; sourceTree = BUILT_PRODUCTS_DIR; };
		9A37E05B1FF496CF0079287F /* ToDoList.app */ = {isa = PBXFileReference; explicitFileType = wrapper.application; includeInIndex = 0; path = ToDoList.app; sourceTree = BUILT_PRODUCTS_DIR; };
		9A37E05E1FF496CF0079287F /* AppDelegate.swift */ = {isa = PBXFileReference; lastKnownFileType = sourcecode.swift; path = AppDelegate.swift; sourceTree = "<group>"; };
		9A37E0601FF496CF0079287F /* TodoListViewController.swift */ = {isa = PBXFileReference; lastKnownFileType = sourcecode.swift; path = TodoListViewController.swift; sourceTree = "<group>"; };
		9A37E0631FF496CF0079287F /* Base */ = {isa = PBXFileReference; lastKnownFileType = file.storyboard; name = Base; path = Base.lproj/Main.storyboard; sourceTree = "<group>"; };
		9A37E0651FF496CF0079287F /* Assets.xcassets */ = {isa = PBXFileReference; lastKnownFileType = folder.assetcatalog; path = Assets.xcassets; sourceTree = "<group>"; };
		9A37E0681FF496CF0079287F /* Base */ = {isa = PBXFileReference; lastKnownFileType = file.storyboard; name = Base; path = Base.lproj/LaunchScreen.storyboard; sourceTree = "<group>"; };
		9A37E06A1FF496CF0079287F /* Info.plist */ = {isa = PBXFileReference; lastKnownFileType = text.plist.xml; path = Info.plist; sourceTree = "<group>"; };
		9A37E0791FF886DA0079287F /* DataModel.xcdatamodel */ = {isa = PBXFileReference; lastKnownFileType = wrapper.xcdatamodel; path = DataModel.xcdatamodel; sourceTree = "<group>"; };
		9A37E09C1FFB3B3E0079287F /* CategoryViewController.swift */ = {isa = PBXFileReference; lastKnownFileType = sourcecode.swift; path = CategoryViewController.swift; sourceTree = "<group>"; };
/* End PBXFileReference section */

/* Begin PBXFrameworksBuildPhase section */
		9A37E0581FF496CF0079287F /* Frameworks */ = {
			isa = PBXFrameworksBuildPhase;
			buildActionMask = 2147483647;
			files = (
				25A8DDC12DE7D9EDAF9D0203 /* Pods_ToDoList.framework in Frameworks */,
			);
			runOnlyForDeploymentPostprocessing = 0;
		};
/* End PBXFrameworksBuildPhase section */

/* Begin PBXGroup section */
		68F3806946B531BBC49DB510 /* Pods */ = {
			isa = PBXGroup;
			children = (
				30BA6C2CFCEC319C765F8D2A /* Pods-ToDoList.debug.xcconfig */,
				001C4E51BFF8A42B8517038C /* Pods-ToDoList.release.xcconfig */,
			);
			name = Pods;
			sourceTree = "<group>";
		};
		9A37E0521FF496CF0079287F = {
			isa = PBXGroup;
			children = (
				9A37E05D1FF496CF0079287F /* ToDoList */,
				9A37E05C1FF496CF0079287F /* Products */,
				68F3806946B531BBC49DB510 /* Pods */,
				CB05B09233FA415C2478FC37 /* Frameworks */,
			);
			sourceTree = "<group>";
		};
		9A37E05C1FF496CF0079287F /* Products */ = {
			isa = PBXGroup;
			children = (
				9A37E05B1FF496CF0079287F /* ToDoList.app */,
			);
			name = Products;
			sourceTree = "<group>";
		};
		9A37E05D1FF496CF0079287F /* ToDoList */ = {
			isa = PBXGroup;
			children = (
				9A37E05E1FF496CF0079287F /* AppDelegate.swift */,
				9A37E0761FF5F0550079287F /* controller */,
				9A37E0751FF5F04A0079287F /* view */,
				9A37E0771FF5F0720079287F /* supporting Files */,
				9A37E06A1FF496CF0079287F /* Info.plist */,
				9A37E0741FF5F00C0079287F /* model */,
			);
			path = ToDoList;
			sourceTree = "<group>";
		};
		9A37E0741FF5F00C0079287F /* model */ = {
			isa = PBXGroup;
			children = (
				9A37E0781FF886DA0079287F /* DataModel.xcdatamodeld */,
			);
			path = model;
			sourceTree = "<group>";
		};
		9A37E0751FF5F04A0079287F /* view */ = {
			isa = PBXGroup;
			children = (
				9A37E0621FF496CF0079287F /* Main.storyboard */,
			);
			path = view;
			sourceTree = "<group>";
		};
		9A37E0761FF5F0550079287F /* controller */ = {
			isa = PBXGroup;
			children = (
				9A37E0601FF496CF0079287F /* TodoListViewController.swift */,
				9A37E09C1FFB3B3E0079287F /* CategoryViewController.swift */,
			);
			path = controller;
			sourceTree = "<group>";
		};
		9A37E0771FF5F0720079287F /* supporting Files */ = {
			isa = PBXGroup;
			children = (
				9A37E0651FF496CF0079287F /* Assets.xcassets */,
				9A37E0671FF496CF0079287F /* LaunchScreen.storyboard */,
			);
			path = "supporting Files";
			sourceTree = "<group>";
		};
		CB05B09233FA415C2478FC37 /* Frameworks */ = {
			isa = PBXGroup;
			children = (
				9499D0718A542462D3542B85 /* Pods_ToDoList.framework */,
			);
			name = Frameworks;
			sourceTree = "<group>";
		};
/* End PBXGroup section */

/* Begin PBXNativeTarget section */
		9A37E05A1FF496CF0079287F /* ToDoList */ = {
			isa = PBXNativeTarget;
			buildConfigurationList = 9A37E06D1FF496CF0079287F /* Build configuration list for PBXNativeTarget "ToDoList" */;
			buildPhases = (
				3EFF335589B259D93FEDE0F0 /* [CP] Check Pods Manifest.lock */,
				9A37E0571FF496CF0079287F /* Sources */,
				9A37E0581FF496CF0079287F /* Frameworks */,
				9A37E0591FF496CF0079287F /* Resources */,
				654128D5CBC61C744873641C /* [CP] Embed Pods Frameworks */,
				DCC357549093D1699AEE786E /* [CP] Copy Pods Resources */,
			);
			buildRules = (
			);
			dependencies = (
			);
			name = ToDoList;
			productName = ToDoList;
			productReference = 9A37E05B1FF496CF0079287F /* ToDoList.app */;
			productType = "com.apple.product-type.application";
		};
/* End PBXNativeTarget section */

/* Begin PBXProject section */
		9A37E0531FF496CF0079287F /* Project object */ = {
			isa = PBXProject;
			attributes = {
				LastSwiftUpdateCheck = 0920;
				LastUpgradeCheck = 0920;
				ORGANIZATIONNAME = GeorgeT;
				TargetAttributes = {
					9A37E05A1FF496CF0079287F = {
						CreatedOnToolsVersion = 9.2;
						ProvisioningStyle = Automatic;
					};
				};
			};
			buildConfigurationList = 9A37E0561FF496CF0079287F /* Build configuration list for PBXProject "ToDoList" */;
			compatibilityVersion = "Xcode 8.0";
			developmentRegion = en;
			hasScannedForEncodings = 0;
			knownRegions = (
				en,
				Base,
			);
			mainGroup = 9A37E0521FF496CF0079287F;
			productRefGroup = 9A37E05C1FF496CF0079287F /* Products */;
			projectDirPath = "";
			projectRoot = "";
			targets = (
				9A37E05A1FF496CF0079287F /* ToDoList */,
			);
		};
/* End PBXProject section */

/* Begin PBXResourcesBuildPhase section */
		9A37E0591FF496CF0079287F /* Resources */ = {
			isa = PBXResourcesBuildPhase;
			buildActionMask = 2147483647;
			files = (
				9A37E0691FF496CF0079287F /* LaunchScreen.storyboard in Resources */,
				9A37E0661FF496CF0079287F /* Assets.xcassets in Resources */,
				9A37E0641FF496CF0079287F /* Main.storyboard in Resources */,
			);
			runOnlyForDeploymentPostprocessing = 0;
		};
/* End PBXResourcesBuildPhase section */

/* Begin PBXShellScriptBuildPhase section */
		3EFF335589B259D93FEDE0F0 /* [CP] Check Pods Manifest.lock */ = {
			isa = PBXShellScriptBuildPhase;
			buildActionMask = 2147483647;
			files = (
			);
			inputPaths = (
				"${PODS_PODFILE_DIR_PATH}/Podfile.lock",
				"${PODS_ROOT}/Manifest.lock",
			);
			name = "[CP] Check Pods Manifest.lock";
			outputPaths = (
				"$(DERIVED_FILE_DIR)/Pods-ToDoList-checkManifestLockResult.txt",
			);
			runOnlyForDeploymentPostprocessing = 0;
			shellPath = /bin/sh;
			shellScript = "diff \"${PODS_PODFILE_DIR_PATH}/Podfile.lock\" \"${PODS_ROOT}/Manifest.lock\" > /dev/null\nif [ $? != 0 ] ; then\n    # print error to STDERR\n    echo \"error: The sandbox is not in sync with the Podfile.lock. Run 'pod install' or update your CocoaPods installation.\" >&2\n    exit 1\nfi\n# This output is used by Xcode 'outputs' to avoid re-running this script phase.\necho \"SUCCESS\" > \"${SCRIPT_OUTPUT_FILE_0}\"\n";
			showEnvVarsInLog = 0;
		};
		654128D5CBC61C744873641C /* [CP] Embed Pods Frameworks */ = {
			isa = PBXShellScriptBuildPhase;
			buildActionMask = 2147483647;
			files = (
			);
			inputPaths = (
				"${SRCROOT}/Pods/Target Support Files/Pods-ToDoList/Pods-ToDoList-frameworks.sh",
				"${BUILT_PRODUCTS_DIR}/Realm/Realm.framework",
				"${BUILT_PRODUCTS_DIR}/RealmSwift/RealmSwift.framework",
			);
			name = "[CP] Embed Pods Frameworks";
			outputPaths = (
				"${TARGET_BUILD_DIR}/${FRAMEWORKS_FOLDER_PATH}/Realm.framework",
				"${TARGET_BUILD_DIR}/${FRAMEWORKS_FOLDER_PATH}/RealmSwift.framework",
			);
			runOnlyForDeploymentPostprocessing = 0;
			shellPath = /bin/sh;
			shellScript = "\"${SRCROOT}/Pods/Target Support Files/Pods-ToDoList/Pods-ToDoList-frameworks.sh\"\n";
			showEnvVarsInLog = 0;
		};
		DCC357549093D1699AEE786E /* [CP] Copy Pods Resources */ = {
			isa = PBXShellScriptBuildPhase;
			buildActionMask = 2147483647;
			files = (
			);
			inputPaths = (
			);
			name = "[CP] Copy Pods Resources";
			outputPaths = (
			);
			runOnlyForDeploymentPostprocessing = 0;
			shellPath = /bin/sh;
			shellScript = "\"${SRCROOT}/Pods/Target Support Files/Pods-ToDoList/Pods-ToDoList-resources.sh\"\n";
			showEnvVarsInLog = 0;
		};
/* End PBXShellScriptBuildPhase section */

/* Begin PBXSourcesBuildPhase section */
		9A37E0571FF496CF0079287F /* Sources */ = {
			isa = PBXSourcesBuildPhase;
			buildActionMask = 2147483647;
			files = (
				9A37E09D1FFB3B3E0079287F /* CategoryViewController.swift in Sources */,
				9A37E0611FF496CF0079287F /* TodoListViewController.swift in Sources */,
				9A37E07A1FF886DA0079287F /* DataModel.xcdatamodeld in Sources */,
				9A37E05F1FF496CF0079287F /* AppDelegate.swift in Sources */,
			);
			runOnlyForDeploymentPostprocessing = 0;
		};
/* End PBXSourcesBuildPhase section */

/* Begin PBXVariantGroup section */
		9A37E0621FF496CF0079287F /* Main.storyboard */ = {
			isa = PBXVariantGroup;
			children = (
				9A37E0631FF496CF0079287F /* Base */,
			);
			name = Main.storyboard;
			sourceTree = "<group>";
		};
		9A37E0671FF496CF0079287F /* LaunchScreen.storyboard */ = {
			isa = PBXVariantGroup;
			children = (
				9A37E0681FF496CF0079287F /* Base */,
			);
			name = LaunchScreen.storyboard;
			sourceTree = "<group>";
		};
/* End PBXVariantGroup section */

/* Begin XCBuildConfiguration section */
		9A37E06B1FF496CF0079287F /* Debug */ = {
			isa = XCBuildConfiguration;
			buildSettings = {
				ALWAYS_SEARCH_USER_PATHS = NO;
				CLANG_ANALYZER_NONNULL = YES;
				CLANG_ANALYZER_NUMBER_OBJECT_CONVERSION = YES_AGGRESSIVE;
				CLANG_CXX_LANGUAGE_STANDARD = "gnu++14";
				CLANG_CXX_LIBRARY = "libc++";
				CLANG_ENABLE_MODULES = YES;
				CLANG_ENABLE_OBJC_ARC = YES;
				CLANG_WARN_BLOCK_CAPTURE_AUTORELEASING = YES;
				CLANG_WARN_BOOL_CONVERSION = YES;
				CLANG_WARN_COMMA = YES;
				CLANG_WARN_CONSTANT_CONVERSION = YES;
				CLANG_WARN_DIRECT_OBJC_ISA_USAGE = YES_ERROR;
				CLANG_WARN_DOCUMENTATION_COMMENTS = YES;
				CLANG_WARN_EMPTY_BODY = YES;
				CLANG_WARN_ENUM_CONVERSION = YES;
				CLANG_WARN_INFINITE_RECURSION = YES;
				CLANG_WARN_INT_CONVERSION = YES;
				CLANG_WARN_NON_LITERAL_NULL_CONVERSION = YES;
				CLANG_WARN_OBJC_LITERAL_CONVERSION = YES;
				CLANG_WARN_OBJC_ROOT_CLASS = YES_ERROR;
				CLANG_WARN_RANGE_LOOP_ANALYSIS = YES;
				CLANG_WARN_STRICT_PROTOTYPES = YES;
				CLANG_WARN_SUSPICIOUS_MOVE = YES;
				CLANG_WARN_UNGUARDED_AVAILABILITY = YES_AGGRESSIVE;
				CLANG_WARN_UNREACHABLE_CODE = YES;
				CLANG_WARN__DUPLICATE_METHOD_MATCH = YES;
				CODE_SIGN_IDENTITY = "iPhone Developer";
				COPY_PHASE_STRIP = NO;
				DEBUG_INFORMATION_FORMAT = dwarf;
				ENABLE_STRICT_OBJC_MSGSEND = YES;
				ENABLE_TESTABILITY = YES;
				GCC_C_LANGUAGE_STANDARD = gnu11;
				GCC_DYNAMIC_NO_PIC = NO;
				GCC_NO_COMMON_BLOCKS = YES;
				GCC_OPTIMIZATION_LEVEL = 0;
				GCC_PREPROCESSOR_DEFINITIONS = (
					"DEBUG=1",
					"$(inherited)",
				);
				GCC_WARN_64_TO_32_BIT_CONVERSION = YES;
				GCC_WARN_ABOUT_RETURN_TYPE = YES_ERROR;
				GCC_WARN_UNDECLARED_SELECTOR = YES;
				GCC_WARN_UNINITIALIZED_AUTOS = YES_AGGRESSIVE;
				GCC_WARN_UNUSED_FUNCTION = YES;
				GCC_WARN_UNUSED_VARIABLE = YES;
				IPHONEOS_DEPLOYMENT_TARGET = 11.2;
				MTL_ENABLE_DEBUG_INFO = YES;
				ONLY_ACTIVE_ARCH = YES;
				SDKROOT = iphoneos;
				SWIFT_ACTIVE_COMPILATION_CONDITIONS = DEBUG;
				SWIFT_OPTIMIZATION_LEVEL = "-Onone";
			};
			name = Debug;
		};
		9A37E06C1FF496CF0079287F /* Release */ = {
			isa = XCBuildConfiguration;
			buildSettings = {
				ALWAYS_SEARCH_USER_PATHS = NO;
				CLANG_ANALYZER_NONNULL = YES;
				CLANG_ANALYZER_NUMBER_OBJECT_CONVERSION = YES_AGGRESSIVE;
				CLANG_CXX_LANGUAGE_STANDARD = "gnu++14";
				CLANG_CXX_LIBRARY = "libc++";
				CLANG_ENABLE_MODULES = YES;
				CLANG_ENABLE_OBJC_ARC = YES;
				CLANG_WARN_BLOCK_CAPTURE_AUTORELEASING = YES;
				CLANG_WARN_BOOL_CONVERSION = YES;
				CLANG_WARN_COMMA = YES;
				CLANG_WARN_CONSTANT_CONVERSION = YES;
				CLANG_WARN_DIRECT_OBJC_ISA_USAGE = YES_ERROR;
				CLANG_WARN_DOCUMENTATION_COMMENTS = YES;
				CLANG_WARN_EMPTY_BODY = YES;
				CLANG_WARN_ENUM_CONVERSION = YES;
				CLANG_WARN_INFINITE_RECURSION = YES;
				CLANG_WARN_INT_CONVERSION = YES;
				CLANG_WARN_NON_LITERAL_NULL_CONVERSION = YES;
				CLANG_WARN_OBJC_LITERAL_CONVERSION = YES;
				CLANG_WARN_OBJC_ROOT_CLASS = YES_ERROR;
				CLANG_WARN_RANGE_LOOP_ANALYSIS = YES;
				CLANG_WARN_STRICT_PROTOTYPES = YES;
				CLANG_WARN_SUSPICIOUS_MOVE = YES;
				CLANG_WARN_UNGUARDED_AVAILABILITY = YES_AGGRESSIVE;
				CLANG_WARN_UNREACHABLE_CODE = YES;
				CLANG_WARN__DUPLICATE_METHOD_MATCH = YES;
				CODE_SIGN_IDENTITY = "iPhone Developer";
				COPY_PHASE_STRIP = NO;
				DEBUG_INFORMATION_FORMAT = "dwarf-with-dsym";
				ENABLE_NS_ASSERTIONS = NO;
				ENABLE_STRICT_OBJC_MSGSEND = YES;
				GCC_C_LANGUAGE_STANDARD = gnu11;
				GCC_NO_COMMON_BLOCKS = YES;
				GCC_WARN_64_TO_32_BIT_CONVERSION = YES;
				GCC_WARN_ABOUT_RETURN_TYPE = YES_ERROR;
				GCC_WARN_UNDECLARED_SELECTOR = YES;
				GCC_WARN_UNINITIALIZED_AUTOS = YES_AGGRESSIVE;
				GCC_WARN_UNUSED_FUNCTION = YES;
				GCC_WARN_UNUSED_VARIABLE = YES;
				IPHONEOS_DEPLOYMENT_TARGET = 11.2;
				MTL_ENABLE_DEBUG_INFO = NO;
				SDKROOT = iphoneos;
				SWIFT_OPTIMIZATION_LEVEL = "-Owholemodule";
				VALIDATE_PRODUCT = YES;
			};
			name = Release;
		};
		9A37E06E1FF496CF0079287F /* Debug */ = {
			isa = XCBuildConfiguration;
			baseConfigurationReference = 30BA6C2CFCEC319C765F8D2A /* Pods-ToDoList.debug.xcconfig */;
			buildSettings = {
				ASSETCATALOG_COMPILER_APPICON_NAME = AppIcon;
				CODE_SIGN_STYLE = Automatic;
				INFOPLIST_FILE = ToDoList/Info.plist;
				LD_RUNPATH_SEARCH_PATHS = "$(inherited) @executable_path/Frameworks";
				PRODUCT_BUNDLE_IDENTIFIER = com.GeorgeThoppil.ToDoList;
				PRODUCT_NAME = "$(TARGET_NAME)";
				SWIFT_VERSION = 4.0;
				TARGETED_DEVICE_FAMILY = "1,2";
			};
			name = Debug;
		};
		9A37E06F1FF496CF0079287F /* Release */ = {
			isa = XCBuildConfiguration;
			baseConfigurationReference = 001C4E51BFF8A42B8517038C /* Pods-ToDoList.release.xcconfig */;
			buildSettings = {
				ASSETCATALOG_COMPILER_APPICON_NAME = AppIcon;
				CODE_SIGN_STYLE = Automatic;
				INFOPLIST_FILE = ToDoList/Info.plist;
				LD_RUNPATH_SEARCH_PATHS = "$(inherited) @executable_path/Frameworks";
				PRODUCT_BUNDLE_IDENTIFIER = com.GeorgeThoppil.ToDoList;
				PRODUCT_NAME = "$(TARGET_NAME)";
				SWIFT_VERSION = 4.0;
				TARGETED_DEVICE_FAMILY = "1,2";
			};
			name = Release;
		};
/* End XCBuildConfiguration section */

/* Begin XCConfigurationList section */
		9A37E0561FF496CF0079287F /* Build configuration list for PBXProject "ToDoList" */ = {
			isa = XCConfigurationList;
			buildConfigurations = (
				9A37E06B1FF496CF0079287F /* Debug */,
				9A37E06C1FF496CF0079287F /* Release */,
			);
			defaultConfigurationIsVisible = 0;
			defaultConfigurationName = Release;
		};
		9A37E06D1FF496CF0079287F /* Build configuration list for PBXNativeTarget "ToDoList" */ = {
			isa = XCConfigurationList;
			buildConfigurations = (
				9A37E06E1FF496CF0079287F /* Debug */,
				9A37E06F1FF496CF0079287F /* Release */,
			);
			defaultConfigurationIsVisible = 0;
			defaultConfigurationName = Release;
		};
/* End XCConfigurationList section */

/* Begin XCVersionGroup section */
		9A37E0781FF886DA0079287F /* DataModel.xcdatamodeld */ = {
			isa = XCVersionGroup;
			children = (
				9A37E0791FF886DA0079287F /* DataModel.xcdatamodel */,
			);
			currentVersion = 9A37E0791FF886DA0079287F /* DataModel.xcdatamodel */;
			path = DataModel.xcdatamodeld;
			sourceTree = "<group>";
			versionGroupType = wrapper.xcdatamodel;
		};
/* End XCVersionGroup section */
	};
	rootObject = 9A37E0531FF496CF0079287F /* Project object */;
}
